
Microsoft Visual Studio Solution File, Format Version 12.00
# Visual Studio Version 17
VisualStudioVersion = 17.11.35222.181
MinimumVisualStudioVersion = 10.0.40219.1
Project("{FAE04EC0-301F-11D3-BF4B-00C04F79EFBC}") = "B_232410101008_utspbo", "B_232410101008_utspbo.csproj", "{DCF0D7E7-2024-4AF9-BAD3-1203A19CBC44}"
EndProject
Global
	GlobalSection(SolutionConfigurationPlatforms) = preSolution
		Debug|Any CPU = Debug|Any CPU
		Release|Any CPU = Release|Any CPU
	EndGlobalSection
	GlobalSection(ProjectConfigurationPlatforms) = postSolution
		{DCF0D7E7-2024-4AF9-BAD3-1203A19CBC44}.Debug|Any CPU.ActiveCfg = Debug|Any CPU
		{DCF0D7E7-2024-4AF9-BAD3-1203A19CBC44}.Debug|Any CPU.Build.0 = Debug|Any CPU
		{DCF0D7E7-2024-4AF9-BAD3-1203A19CBC44}.Release|Any CPU.ActiveCfg = Release|Any CPU
		{DCF0D7E7-2024-4AF9-BAD3-1203A19CBC44}.Release|Any CPU.Build.0 = Release|Any CPU
	EndGlobalSection
	GlobalSection(SolutionProperties) = preSolution
		HideSolutionNode = FALSE
	EndGlobalSection
	GlobalSection(ExtensibilityGlobals) = postSolution
		SolutionGuid = {C510BF41-EFF6-4C8E-92C4-1F78B9D6C676}
	EndGlobalSection
EndGlobal
